// !$*UTF8*$!
{
	archiveVersion = 1;
	classes = {
	};
	objectVersion = 46;
	objects = {

/* Begin PBXBuildFile section */
		35B25A3022E402E723AAD8B1 /* Pods_GoodBooks.framework in Frameworks */ = {isa = PBXBuildFile; fileRef = 7B414C350CF580097DAEC306 /* Pods_GoodBooks.framework */; };
		901C82731E3D608E0089DC9D /* push_TitleController.swift in Sources */ = {isa = PBXBuildFile; fileRef = 901C82721E3D608E0089DC9D /* push_TitleController.swift */; };
		901C82751E3D60C60089DC9D /* push_TypeViewController.swift in Sources */ = {isa = PBXBuildFile; fileRef = 901C82741E3D60C60089DC9D /* push_TypeViewController.swift */; };
		901C82771E3D7D830089DC9D /* push_DescriptionViewController.swift in Sources */ = {isa = PBXBuildFile; fileRef = 901C82761E3D7D830089DC9D /* push_DescriptionViewController.swift */; };
		901C827D1E3DC36B0089DC9D /* btn_star_evaluation_normal.png in Resources */ = {isa = PBXBuildFile; fileRef = 901C82791E3DC36B0089DC9D /* btn_star_evaluation_normal.png */; };
		901C827E1E3DC36B0089DC9D /* btn_star_evaluation_press.png in Resources */ = {isa = PBXBuildFile; fileRef = 901C827A1E3DC36B0089DC9D /* btn_star_evaluation_press.png */; };
		901C827F1E3DC36B0089DC9D /* LDXScore.m in Sources */ = {isa = PBXBuildFile; fileRef = 901C827C1E3DC36B0089DC9D /* LDXScore.m */; };
		901C82941E3E2C4B0089DC9D /* AKSegmentedControl.m in Sources */ = {isa = PBXBuildFile; fileRef = 901C82821E3E2C4A0089DC9D /* AKSegmentedControl.m */; };
		901C82951E3E2C4B0089DC9D /* segmented-bg-pressed-center.png in Resources */ = {isa = PBXBuildFile; fileRef = 901C82841E3E2C4A0089DC9D /* segmented-bg-pressed-center.png */; };
		901C82961E3E2C4B0089DC9D /* segmented-bg-pressed-center@2x.png in Resources */ = {isa = PBXBuildFile; fileRef = 901C82851E3E2C4A0089DC9D /* segmented-bg-pressed-center@2x.png */; };
		901C82971E3E2C4B0089DC9D /* segmented-bg-pressed-left.png in Resources */ = {isa = PBXBuildFile; fileRef = 901C82861E3E2C4A0089DC9D /* segmented-bg-pressed-left.png */; };
		901C82981E3E2C4B0089DC9D /* segmented-bg-pressed-left@2x.png in Resources */ = {isa = PBXBuildFile; fileRef = 901C82871E3E2C4A0089DC9D /* segmented-bg-pressed-left@2x.png */; };
		901C82991E3E2C4B0089DC9D /* segmented-bg-pressed-right.png in Resources */ = {isa = PBXBuildFile; fileRef = 901C82881E3E2C4A0089DC9D /* segmented-bg-pressed-right.png */; };
		901C829A1E3E2C4B0089DC9D /* segmented-bg-pressed-right@2x.png in Resources */ = {isa = PBXBuildFile; fileRef = 901C82891E3E2C4A0089DC9D /* segmented-bg-pressed-right@2x.png */; };
		901C829B1E3E2C4B0089DC9D /* segmented-bg.png in Resources */ = {isa = PBXBuildFile; fileRef = 901C828A1E3E2C4A0089DC9D /* segmented-bg.png */; };
		901C829C1E3E2C4B0089DC9D /* segmented-bg@2x.png in Resources */ = {isa = PBXBuildFile; fileRef = 901C828B1E3E2C4A0089DC9D /* segmented-bg@2x.png */; };
		901C829D1E3E2C4B0089DC9D /* segmented-separator.png in Resources */ = {isa = PBXBuildFile; fileRef = 901C828C1E3E2C4A0089DC9D /* segmented-separator.png */; };
		901C829E1E3E2C4B0089DC9D /* segmented-separator@2x.png in Resources */ = {isa = PBXBuildFile; fileRef = 901C828D1E3E2C4A0089DC9D /* segmented-separator@2x.png */; };
		901C829F1E3E2C4B0089DC9D /* settings-icon.png in Resources */ = {isa = PBXBuildFile; fileRef = 901C828E1E3E2C4B0089DC9D /* settings-icon.png */; };
		901C82A01E3E2C4B0089DC9D /* settings-icon@2x.png in Resources */ = {isa = PBXBuildFile; fileRef = 901C828F1E3E2C4B0089DC9D /* settings-icon@2x.png */; };
		901C82A11E3E2C4B0089DC9D /* social-icon.png in Resources */ = {isa = PBXBuildFile; fileRef = 901C82901E3E2C4B0089DC9D /* social-icon.png */; };
		901C82A21E3E2C4B0089DC9D /* social-icon@2x.png in Resources */ = {isa = PBXBuildFile; fileRef = 901C82911E3E2C4B0089DC9D /* social-icon@2x.png */; };
		901C82A31E3E2C4B0089DC9D /* star-icon.png in Resources */ = {isa = PBXBuildFile; fileRef = 901C82921E3E2C4B0089DC9D /* star-icon.png */; };
		901C82A41E3E2C4B0089DC9D /* star-icon@2x.png in Resources */ = {isa = PBXBuildFile; fileRef = 901C82931E3E2C4B0089DC9D /* star-icon@2x.png */; };
		901C82AA1E3EE6CD0089DC9D /* IGLDropDownItem.m in Sources */ = {isa = PBXBuildFile; fileRef = 901C82A71E3EE6CD0089DC9D /* IGLDropDownItem.m */; };
		901C82AB1E3EE6CD0089DC9D /* IGLDropDownMenu.m in Sources */ = {isa = PBXBuildFile; fileRef = 901C82A91E3EE6CD0089DC9D /* IGLDropDownMenu.m */; };
		90D07A761E37710000024CB4 /* AppDelegate.swift in Sources */ = {isa = PBXBuildFile; fileRef = 90D07A751E37710000024CB4 /* AppDelegate.swift */; };
		90D07A7E1E37710000024CB4 /* GoodBooks.xcdatamodeld in Sources */ = {isa = PBXBuildFile; fileRef = 90D07A7C1E37710000024CB4 /* GoodBooks.xcdatamodeld */; };
		90D07A801E37710000024CB4 /* Assets.xcassets in Resources */ = {isa = PBXBuildFile; fileRef = 90D07A7F1E37710000024CB4 /* Assets.xcassets */; };
		90D07A831E37710000024CB4 /* LaunchScreen.storyboard in Resources */ = {isa = PBXBuildFile; fileRef = 90D07A811E37710000024CB4 /* LaunchScreen.storyboard */; };
		90D07A8E1E37710000024CB4 /* GoodBooksTests.swift in Sources */ = {isa = PBXBuildFile; fileRef = 90D07A8D1E37710000024CB4 /* GoodBooksTests.swift */; };
		90D0B2231E378C76003186E6 /* config.swift in Sources */ = {isa = PBXBuildFile; fileRef = 90D0B2221E378C76003186E6 /* config.swift */; };
		90D0B22A1E379B9E003186E6 /* rankViewController.swift in Sources */ = {isa = PBXBuildFile; fileRef = 90D0B2291E379B9E003186E6 /* rankViewController.swift */; };
		90D0B22C1E379BAE003186E6 /* searchViewController.swift in Sources */ = {isa = PBXBuildFile; fileRef = 90D0B22B1E379BAE003186E6 /* searchViewController.swift */; };
		90D0B22E1E379BBB003186E6 /* circleViewController.swift in Sources */ = {isa = PBXBuildFile; fileRef = 90D0B22D1E379BBB003186E6 /* circleViewController.swift */; };
		90D0B2301E379BC6003186E6 /* moreViewController.swift in Sources */ = {isa = PBXBuildFile; fileRef = 90D0B22F1E379BC6003186E6 /* moreViewController.swift */; };
		90D0B2321E379BD0003186E6 /* pushViewController.swift in Sources */ = {isa = PBXBuildFile; fileRef = 90D0B2311E379BD0003186E6 /* pushViewController.swift */; };
		90D0B2351E388B98003186E6 /* FZCuJinLJW.TTF in Resources */ = {isa = PBXBuildFile; fileRef = 90D0B2341E387475003186E6 /* FZCuJinLJW.TTF */; };
		90D0B2381E38B2BF003186E6 /* pushNewBookViewController.swift in Sources */ = {isa = PBXBuildFile; fileRef = 90D0B2371E38B2BF003186E6 /* pushNewBookViewController.swift */; };
		90D0B23B1E38B388003186E6 /* UiUtil.swift in Sources */ = {isa = PBXBuildFile; fileRef = 90D0B23A1E38B388003186E6 /* UiUtil.swift */; };
		90D2766E1E38F55E005904E9 /* Extensions.swift in Sources */ = {isa = PBXBuildFile; fileRef = 90D2766D1E38F55E005904E9 /* Extensions.swift */; };
		90E28B371E39EFAE00A41D0C /* BookTitle.swift in Sources */ = {isa = PBXBuildFile; fileRef = 90E28B361E39EFAE00A41D0C /* BookTitle.swift */; };
		90E28B461E3A2F3D00A41D0C /* Avatar.png in Resources */ = {isa = PBXBuildFile; fileRef = 90E28B391E3A2F3D00A41D0C /* Avatar.png */; };
		90E28B471E3A2F3D00A41D0C /* blank.png in Resources */ = {isa = PBXBuildFile; fileRef = 90E28B3A1E3A2F3D00A41D0C /* blank.png */; };
		90E28B481E3A2F3D00A41D0C /* Blank2.png in Resources */ = {isa = PBXBuildFile; fileRef = 90E28B3B1E3A2F3D00A41D0C /* Blank2.png */; };
		90E28B491E3A2F3D00A41D0C /* Cover.png in Resources */ = {isa = PBXBuildFile; fileRef = 90E28B3C1E3A2F3D00A41D0C /* Cover.png */; };
		90E28B4A1E3A2F3D00A41D0C /* ear1.png in Resources */ = {isa = PBXBuildFile; fileRef = 90E28B3D1E3A2F3D00A41D0C /* ear1.png */; };
		90E28B4B1E3A2F3D00A41D0C /* ear2.png in Resources */ = {isa = PBXBuildFile; fileRef = 90E28B3E1E3A2F3D00A41D0C /* ear2.png */; };
		90E28B4C1E3A2F3D00A41D0C /* Icon2.png in Resources */ = {isa = PBXBuildFile; fileRef = 90E28B3F1E3A2F3D00A41D0C /* Icon2.png */; };
		90E28B4D1E3A2F3D00A41D0C /* logn.png in Resources */ = {isa = PBXBuildFile; fileRef = 90E28B401E3A2F3D00A41D0C /* logn.png */; };
		90E28B4E1E3A2F3D00A41D0C /* page1.png in Resources */ = {isa = PBXBuildFile; fileRef = 90E28B411E3A2F3D00A41D0C /* page1.png */; };
		90E28B4F1E3A2F3D00A41D0C /* page2.png in Resources */ = {isa = PBXBuildFile; fileRef = 90E28B421E3A2F3D00A41D0C /* page2.png */; };
		90E28B501E3A2F3D00A41D0C /* page3.png in Resources */ = {isa = PBXBuildFile; fileRef = 90E28B431E3A2F3D00A41D0C /* page3.png */; };
		90E28B511E3A2F3D00A41D0C /* page4.png in Resources */ = {isa = PBXBuildFile; fileRef = 90E28B441E3A2F3D00A41D0C /* page4.png */; };
		90E28B521E3A2F3D00A41D0C /* red_point.png in Resources */ = {isa = PBXBuildFile; fileRef = 90E28B451E3A2F3D00A41D0C /* red_point.png */; };
		90E28B541E3A36CA00A41D0C /* photoPickerViewController.swift in Sources */ = {isa = PBXBuildFile; fileRef = 90E28B531E3A36CA00A41D0C /* photoPickerViewController.swift */; };
		90E28B591E3CD6F800A41D0C /* VPImageCropperViewController.m in Sources */ = {isa = PBXBuildFile; fileRef = 90E28B581E3CD6F800A41D0C /* VPImageCropperViewController.m */; };
/* End PBXBuildFile section */

/* Begin PBXContainerItemProxy section */
		90D07A8A1E37710000024CB4 /* PBXContainerItemProxy */ = {
			isa = PBXContainerItemProxy;
			containerPortal = 90D07A6A1E37710000024CB4 /* Project object */;
			proxyType = 1;
			remoteGlobalIDString = 90D07A711E37710000024CB4;
			remoteInfo = GoodBooks;
		};
/* End PBXContainerItemProxy section */

/* Begin PBXFileReference section */
		3AA54378E2CEAADECF719E1C /* Pods-GoodBooks.release.xcconfig */ = {isa = PBXFileReference; includeInIndex = 1; lastKnownFileType = text.xcconfig; name = "Pods-GoodBooks.release.xcconfig"; path = "Pods/Target Support Files/Pods-GoodBooks/Pods-GoodBooks.release.xcconfig"; sourceTree = "<group>"; };
		7B414C350CF580097DAEC306 /* Pods_GoodBooks.framework */ = {isa = PBXFileReference; explicitFileType = wrapper.framework; includeInIndex = 0; path = Pods_GoodBooks.framework; sourceTree = BUILT_PRODUCTS_DIR; };
		901C82721E3D608E0089DC9D /* push_TitleController.swift */ = {isa = PBXFileReference; fileEncoding = 4; lastKnownFileType = sourcecode.swift; path = push_TitleController.swift; sourceTree = "<group>"; };
		901C82741E3D60C60089DC9D /* push_TypeViewController.swift */ = {isa = PBXFileReference; fileEncoding = 4; lastKnownFileType = sourcecode.swift; path = push_TypeViewController.swift; sourceTree = "<group>"; };
		901C82761E3D7D830089DC9D /* push_DescriptionViewController.swift */ = {isa = PBXFileReference; fileEncoding = 4; lastKnownFileType = sourcecode.swift; path = push_DescriptionViewController.swift; sourceTree = "<group>"; };
		901C82791E3DC36B0089DC9D /* btn_star_evaluation_normal.png */ = {isa = PBXFileReference; lastKnownFileType = image.png; path = btn_star_evaluation_normal.png; sourceTree = "<group>"; };
		901C827A1E3DC36B0089DC9D /* btn_star_evaluation_press.png */ = {isa = PBXFileReference; lastKnownFileType = image.png; path = btn_star_evaluation_press.png; sourceTree = "<group>"; };
		901C827B1E3DC36B0089DC9D /* LDXScore.h */ = {isa = PBXFileReference; fileEncoding = 4; lastKnownFileType = sourcecode.c.h; path = LDXScore.h; sourceTree = "<group>"; };
		901C827C1E3DC36B0089DC9D /* LDXScore.m */ = {isa = PBXFileReference; fileEncoding = 4; lastKnownFileType = sourcecode.c.objc; path = LDXScore.m; sourceTree = "<group>"; };
		901C82811E3E2C4A0089DC9D /* AKSegmentedControl.h */ = {isa = PBXFileReference; fileEncoding = 4; lastKnownFileType = sourcecode.c.h; path = AKSegmentedControl.h; sourceTree = "<group>"; };
		901C82821E3E2C4A0089DC9D /* AKSegmentedControl.m */ = {isa = PBXFileReference; fileEncoding = 4; lastKnownFileType = sourcecode.c.objc; path = AKSegmentedControl.m; sourceTree = "<group>"; };
		901C82841E3E2C4A0089DC9D /* segmented-bg-pressed-center.png */ = {isa = PBXFileReference; lastKnownFileType = image.png; path = "segmented-bg-pressed-center.png"; sourceTree = "<group>"; };
		901C82851E3E2C4A0089DC9D /* segmented-bg-pressed-center@2x.png */ = {isa = PBXFileReference; lastKnownFileType = image.png; path = "segmented-bg-pressed-center@2x.png"; sourceTree = "<group>"; };
		901C82861E3E2C4A0089DC9D /* segmented-bg-pressed-left.png */ = {isa = PBXFileReference; lastKnownFileType = image.png; path = "segmented-bg-pressed-left.png"; sourceTree = "<group>"; };
		901C82871E3E2C4A0089DC9D /* segmented-bg-pressed-left@2x.png */ = {isa = PBXFileReference; lastKnownFileType = image.png; path = "segmented-bg-pressed-left@2x.png"; sourceTree = "<group>"; };
		901C82881E3E2C4A0089DC9D /* segmented-bg-pressed-right.png */ = {isa = PBXFileReference; lastKnownFileType = image.png; path = "segmented-bg-pressed-right.png"; sourceTree = "<group>"; };
		901C82891E3E2C4A0089DC9D /* segmented-bg-pressed-right@2x.png */ = {isa = PBXFileReference; lastKnownFileType = image.png; path = "segmented-bg-pressed-right@2x.png"; sourceTree = "<group>"; };
		901C828A1E3E2C4A0089DC9D /* segmented-bg.png */ = {isa = PBXFileReference; lastKnownFileType = image.png; path = "segmented-bg.png"; sourceTree = "<group>"; };
		901C828B1E3E2C4A0089DC9D /* segmented-bg@2x.png */ = {isa = PBXFileReference; lastKnownFileType = image.png; path = "segmented-bg@2x.png"; sourceTree = "<group>"; };
		901C828C1E3E2C4A0089DC9D /* segmented-separator.png */ = {isa = PBXFileReference; lastKnownFileType = image.png; path = "segmented-separator.png"; sourceTree = "<group>"; };
		901C828D1E3E2C4A0089DC9D /* segmented-separator@2x.png */ = {isa = PBXFileReference; lastKnownFileType = image.png; path = "segmented-separator@2x.png"; sourceTree = "<group>"; };
		901C828E1E3E2C4B0089DC9D /* settings-icon.png */ = {isa = PBXFileReference; lastKnownFileType = image.png; path = "settings-icon.png"; sourceTree = "<group>"; };
		901C828F1E3E2C4B0089DC9D /* settings-icon@2x.png */ = {isa = PBXFileReference; lastKnownFileType = image.png; path = "settings-icon@2x.png"; sourceTree = "<group>"; };
		901C82901E3E2C4B0089DC9D /* social-icon.png */ = {isa = PBXFileReference; lastKnownFileType = image.png; path = "social-icon.png"; sourceTree = "<group>"; };
		901C82911E3E2C4B0089DC9D /* social-icon@2x.png */ = {isa = PBXFileReference; lastKnownFileType = image.png; path = "social-icon@2x.png"; sourceTree = "<group>"; };
		901C82921E3E2C4B0089DC9D /* star-icon.png */ = {isa = PBXFileReference; lastKnownFileType = image.png; path = "star-icon.png"; sourceTree = "<group>"; };
		901C82931E3E2C4B0089DC9D /* star-icon@2x.png */ = {isa = PBXFileReference; lastKnownFileType = image.png; path = "star-icon@2x.png"; sourceTree = "<group>"; };
		901C82A61E3EE6CD0089DC9D /* IGLDropDownItem.h */ = {isa = PBXFileReference; fileEncoding = 4; lastKnownFileType = sourcecode.c.h; path = IGLDropDownItem.h; sourceTree = "<group>"; };
		901C82A71E3EE6CD0089DC9D /* IGLDropDownItem.m */ = {isa = PBXFileReference; fileEncoding = 4; lastKnownFileType = sourcecode.c.objc; path = IGLDropDownItem.m; sourceTree = "<group>"; };
		901C82A81E3EE6CD0089DC9D /* IGLDropDownMenu.h */ = {isa = PBXFileReference; fileEncoding = 4; lastKnownFileType = sourcecode.c.h; path = IGLDropDownMenu.h; sourceTree = "<group>"; };
		901C82A91E3EE6CD0089DC9D /* IGLDropDownMenu.m */ = {isa = PBXFileReference; fileEncoding = 4; lastKnownFileType = sourcecode.c.objc; path = IGLDropDownMenu.m; sourceTree = "<group>"; };
		90D07A721E37710000024CB4 /* GoodBooks.app */ = {isa = PBXFileReference; explicitFileType = wrapper.application; includeInIndex = 0; path = GoodBooks.app; sourceTree = BUILT_PRODUCTS_DIR; };
		90D07A751E37710000024CB4 /* AppDelegate.swift */ = {isa = PBXFileReference; lastKnownFileType = sourcecode.swift; path = AppDelegate.swift; sourceTree = "<group>"; };
		90D07A7D1E37710000024CB4 /* GoodBooks.xcdatamodel */ = {isa = PBXFileReference; lastKnownFileType = wrapper.xcdatamodel; path = GoodBooks.xcdatamodel; sourceTree = "<group>"; };
		90D07A7F1E37710000024CB4 /* Assets.xcassets */ = {isa = PBXFileReference; lastKnownFileType = folder.assetcatalog; path = Assets.xcassets; sourceTree = "<group>"; };
		90D07A821E37710000024CB4 /* Base */ = {isa = PBXFileReference; lastKnownFileType = file.storyboard; name = Base; path = Base.lproj/LaunchScreen.storyboard; sourceTree = "<group>"; };
		90D07A841E37710000024CB4 /* Info.plist */ = {isa = PBXFileReference; lastKnownFileType = text.plist.xml; path = Info.plist; sourceTree = "<group>"; };
		90D07A891E37710000024CB4 /* GoodBooksTests.xctest */ = {isa = PBXFileReference; explicitFileType = wrapper.cfbundle; includeInIndex = 0; path = GoodBooksTests.xctest; sourceTree = BUILT_PRODUCTS_DIR; };
		90D07A8D1E37710000024CB4 /* GoodBooksTests.swift */ = {isa = PBXFileReference; lastKnownFileType = sourcecode.swift; path = GoodBooksTests.swift; sourceTree = "<group>"; };
		90D07A8F1E37710000024CB4 /* Info.plist */ = {isa = PBXFileReference; lastKnownFileType = text.plist.xml; path = Info.plist; sourceTree = "<group>"; };
		90D0B2221E378C76003186E6 /* config.swift */ = {isa = PBXFileReference; fileEncoding = 4; lastKnownFileType = sourcecode.swift; path = config.swift; sourceTree = "<group>"; };
		90D0B2291E379B9E003186E6 /* rankViewController.swift */ = {isa = PBXFileReference; fileEncoding = 4; lastKnownFileType = sourcecode.swift; path = rankViewController.swift; sourceTree = "<group>"; };
		90D0B22B1E379BAE003186E6 /* searchViewController.swift */ = {isa = PBXFileReference; fileEncoding = 4; lastKnownFileType = sourcecode.swift; path = searchViewController.swift; sourceTree = "<group>"; };
		90D0B22D1E379BBB003186E6 /* circleViewController.swift */ = {isa = PBXFileReference; fileEncoding = 4; lastKnownFileType = sourcecode.swift; path = circleViewController.swift; sourceTree = "<group>"; };
		90D0B22F1E379BC6003186E6 /* moreViewController.swift */ = {isa = PBXFileReference; fileEncoding = 4; lastKnownFileType = sourcecode.swift; path = moreViewController.swift; sourceTree = "<group>"; };
		90D0B2311E379BD0003186E6 /* pushViewController.swift */ = {isa = PBXFileReference; fileEncoding = 4; lastKnownFileType = sourcecode.swift; path = pushViewController.swift; sourceTree = "<group>"; };
		90D0B2341E387475003186E6 /* FZCuJinLJW.TTF */ = {isa = PBXFileReference; lastKnownFileType = file; path = FZCuJinLJW.TTF; sourceTree = "<group>"; };
		90D0B2371E38B2BF003186E6 /* pushNewBookViewController.swift */ = {isa = PBXFileReference; fileEncoding = 4; lastKnownFileType = sourcecode.swift; path = pushNewBookViewController.swift; sourceTree = "<group>"; };
		90D0B23A1E38B388003186E6 /* UiUtil.swift */ = {isa = PBXFileReference; fileEncoding = 4; lastKnownFileType = sourcecode.swift; path = UiUtil.swift; sourceTree = "<group>"; };
		90D2766D1E38F55E005904E9 /* Extensions.swift */ = {isa = PBXFileReference; fileEncoding = 4; lastKnownFileType = sourcecode.swift; path = Extensions.swift; sourceTree = "<group>"; };
		90E28B361E39EFAE00A41D0C /* BookTitle.swift */ = {isa = PBXFileReference; fileEncoding = 4; lastKnownFileType = sourcecode.swift; path = BookTitle.swift; sourceTree = "<group>"; };
		90E28B391E3A2F3D00A41D0C /* Avatar.png */ = {isa = PBXFileReference; lastKnownFileType = image.png; path = Avatar.png; sourceTree = "<group>"; };
		90E28B3A1E3A2F3D00A41D0C /* blank.png */ = {isa = PBXFileReference; lastKnownFileType = image.png; path = blank.png; sourceTree = "<group>"; };
		90E28B3B1E3A2F3D00A41D0C /* Blank2.png */ = {isa = PBXFileReference; lastKnownFileType = image.png; path = Blank2.png; sourceTree = "<group>"; };
		90E28B3C1E3A2F3D00A41D0C /* Cover.png */ = {isa = PBXFileReference; lastKnownFileType = image.png; path = Cover.png; sourceTree = "<group>"; };
		90E28B3D1E3A2F3D00A41D0C /* ear1.png */ = {isa = PBXFileReference; lastKnownFileType = image.png; path = ear1.png; sourceTree = "<group>"; };
		90E28B3E1E3A2F3D00A41D0C /* ear2.png */ = {isa = PBXFileReference; lastKnownFileType = image.png; path = ear2.png; sourceTree = "<group>"; };
		90E28B3F1E3A2F3D00A41D0C /* Icon2.png */ = {isa = PBXFileReference; lastKnownFileType = image.png; path = Icon2.png; sourceTree = "<group>"; };
		90E28B401E3A2F3D00A41D0C /* logn.png */ = {isa = PBXFileReference; lastKnownFileType = image.png; path = logn.png; sourceTree = "<group>"; };
		90E28B411E3A2F3D00A41D0C /* page1.png */ = {isa = PBXFileReference; lastKnownFileType = image.png; path = page1.png; sourceTree = "<group>"; };
		90E28B421E3A2F3D00A41D0C /* page2.png */ = {isa = PBXFileReference; lastKnownFileType = image.png; path = page2.png; sourceTree = "<group>"; };
		90E28B431E3A2F3D00A41D0C /* page3.png */ = {isa = PBXFileReference; lastKnownFileType = image.png; path = page3.png; sourceTree = "<group>"; };
		90E28B441E3A2F3D00A41D0C /* page4.png */ = {isa = PBXFileReference; lastKnownFileType = image.png; path = page4.png; sourceTree = "<group>"; };
		90E28B451E3A2F3D00A41D0C /* red_point.png */ = {isa = PBXFileReference; lastKnownFileType = image.png; path = red_point.png; sourceTree = "<group>"; };
		90E28B531E3A36CA00A41D0C /* photoPickerViewController.swift */ = {isa = PBXFileReference; fileEncoding = 4; lastKnownFileType = sourcecode.swift; path = photoPickerViewController.swift; sourceTree = "<group>"; };
		90E28B571E3CD6F800A41D0C /* VPImageCropperViewController.h */ = {isa = PBXFileReference; fileEncoding = 4; lastKnownFileType = sourcecode.c.h; path = VPImageCropperViewController.h; sourceTree = "<group>"; };
		90E28B581E3CD6F800A41D0C /* VPImageCropperViewController.m */ = {isa = PBXFileReference; fileEncoding = 4; lastKnownFileType = sourcecode.c.objc; path = VPImageCropperViewController.m; sourceTree = "<group>"; };
		90E28B621E3CD87C00A41D0C /* headBriage.h */ = {isa = PBXFileReference; lastKnownFileType = sourcecode.c.h; path = headBriage.h; sourceTree = "<group>"; };
		C4BE98F45DDFC75F2B79CB44 /* Pods-GoodBooks.debug.xcconfig */ = {isa = PBXFileReference; includeInIndex = 1; lastKnownFileType = text.xcconfig; name = "Pods-GoodBooks.debug.xcconfig"; path = "Pods/Target Support Files/Pods-GoodBooks/Pods-GoodBooks.debug.xcconfig"; sourceTree = "<group>"; };
/* End PBXFileReference section */

/* Begin PBXFrameworksBuildPhase section */
		90D07A6F1E37710000024CB4 /* Frameworks */ = {
			isa = PBXFrameworksBuildPhase;
			buildActionMask = 2147483647;
			files = (
				35B25A3022E402E723AAD8B1 /* Pods_GoodBooks.framework in Frameworks */,
			);
			runOnlyForDeploymentPostprocessing = 0;
		};
		90D07A861E37710000024CB4 /* Frameworks */ = {
			isa = PBXFrameworksBuildPhase;
			buildActionMask = 2147483647;
			files = (
			);
			runOnlyForDeploymentPostprocessing = 0;
		};
/* End PBXFrameworksBuildPhase section */

/* Begin PBXGroup section */
		3131D105E20E56256D8DE174 /* Pods */ = {
			isa = PBXGroup;
			children = (
				C4BE98F45DDFC75F2B79CB44 /* Pods-GoodBooks.debug.xcconfig */,
				3AA54378E2CEAADECF719E1C /* Pods-GoodBooks.release.xcconfig */,
			);
			name = Pods;
			sourceTree = "<group>";
		};
		901C82781E3DC36B0089DC9D /* LDXScore */ = {
			isa = PBXGroup;
			children = (
				901C82791E3DC36B0089DC9D /* btn_star_evaluation_normal.png */,
				901C827A1E3DC36B0089DC9D /* btn_star_evaluation_press.png */,
				901C827B1E3DC36B0089DC9D /* LDXScore.h */,
				901C827C1E3DC36B0089DC9D /* LDXScore.m */,
			);
			path = LDXScore;
			sourceTree = "<group>";
		};
		901C82801E3E2C4A0089DC9D /* AKSegmentedControl */ = {
			isa = PBXGroup;
			children = (
				901C82811E3E2C4A0089DC9D /* AKSegmentedControl.h */,
				901C82821E3E2C4A0089DC9D /* AKSegmentedControl.m */,
				901C82831E3E2C4A0089DC9D /* images */,
			);
			path = AKSegmentedControl;
			sourceTree = "<group>";
		};
		901C82831E3E2C4A0089DC9D /* images */ = {
			isa = PBXGroup;
			children = (
				901C82841E3E2C4A0089DC9D /* segmented-bg-pressed-center.png */,
				901C82851E3E2C4A0089DC9D /* segmented-bg-pressed-center@2x.png */,
				901C82861E3E2C4A0089DC9D /* segmented-bg-pressed-left.png */,
				901C82871E3E2C4A0089DC9D /* segmented-bg-pressed-left@2x.png */,
				901C82881E3E2C4A0089DC9D /* segmented-bg-pressed-right.png */,
				901C82891E3E2C4A0089DC9D /* segmented-bg-pressed-right@2x.png */,
				901C828A1E3E2C4A0089DC9D /* segmented-bg.png */,
				901C828B1E3E2C4A0089DC9D /* segmented-bg@2x.png */,
				901C828C1E3E2C4A0089DC9D /* segmented-separator.png */,
				901C828D1E3E2C4A0089DC9D /* segmented-separator@2x.png */,
				901C828E1E3E2C4B0089DC9D /* settings-icon.png */,
				901C828F1E3E2C4B0089DC9D /* settings-icon@2x.png */,
				901C82901E3E2C4B0089DC9D /* social-icon.png */,
				901C82911E3E2C4B0089DC9D /* social-icon@2x.png */,
				901C82921E3E2C4B0089DC9D /* star-icon.png */,
				901C82931E3E2C4B0089DC9D /* star-icon@2x.png */,
			);
			path = images;
			sourceTree = "<group>";
		};
		901C82A51E3EE6CD0089DC9D /* IGLDropDownMenu */ = {
			isa = PBXGroup;
			children = (
				901C82A61E3EE6CD0089DC9D /* IGLDropDownItem.h */,
				901C82A71E3EE6CD0089DC9D /* IGLDropDownItem.m */,
				901C82A81E3EE6CD0089DC9D /* IGLDropDownMenu.h */,
				901C82A91E3EE6CD0089DC9D /* IGLDropDownMenu.m */,
			);
			path = IGLDropDownMenu;
			sourceTree = "<group>";
		};
		90D07A691E37710000024CB4 = {
			isa = PBXGroup;
			children = (
				90D0B2331E387445003186E6 /* resource */,
				90D07A741E37710000024CB4 /* GoodBooks */,
				90D07A8C1E37710000024CB4 /* GoodBooksTests */,
				90D07A731E37710000024CB4 /* Products */,
				3131D105E20E56256D8DE174 /* Pods */,
				9444A4491AA9AC7E95DF977A /* Frameworks */,
			);
			sourceTree = "<group>";
		};
		90D07A731E37710000024CB4 /* Products */ = {
			isa = PBXGroup;
			children = (
				90D07A721E37710000024CB4 /* GoodBooks.app */,
				90D07A891E37710000024CB4 /* GoodBooksTests.xctest */,
			);
			name = Products;
			sourceTree = "<group>";
		};
		90D07A741E37710000024CB4 /* GoodBooks */ = {
			isa = PBXGroup;
			children = (
				90D0B2391E38B361003186E6 /* common */,
				90D0B2361E38B290003186E6 /* pushNewBook */,
				90D0B2271E379B66003186E6 /* more */,
				90D0B2261E379B5C003186E6 /* circle */,
				90D0B2281E379B75003186E6 /* push */,
				90D0B2251E379B51003186E6 /* search */,
				90D0B2241E379B47003186E6 /* rank */,
				90D07A751E37710000024CB4 /* AppDelegate.swift */,
				90D07A7F1E37710000024CB4 /* Assets.xcassets */,
				90D07A811E37710000024CB4 /* LaunchScreen.storyboard */,
				90D07A841E37710000024CB4 /* Info.plist */,
				90D07A7C1E37710000024CB4 /* GoodBooks.xcdatamodeld */,
				90D0B2221E378C76003186E6 /* config.swift */,
				90E28B621E3CD87C00A41D0C /* headBriage.h */,
			);
			path = GoodBooks;
			sourceTree = "<group>";
		};
		90D07A8C1E37710000024CB4 /* GoodBooksTests */ = {
			isa = PBXGroup;
			children = (
				90D07A8D1E37710000024CB4 /* GoodBooksTests.swift */,
				90D07A8F1E37710000024CB4 /* Info.plist */,
			);
			path = GoodBooksTests;
			sourceTree = "<group>";
		};
		90D0B2241E379B47003186E6 /* rank */ = {
			isa = PBXGroup;
			children = (
				90D0B2291E379B9E003186E6 /* rankViewController.swift */,
			);
			name = rank;
			sourceTree = "<group>";
		};
		90D0B2251E379B51003186E6 /* search */ = {
			isa = PBXGroup;
			children = (
				90D0B22B1E379BAE003186E6 /* searchViewController.swift */,
			);
			name = search;
			sourceTree = "<group>";
		};
		90D0B2261E379B5C003186E6 /* circle */ = {
			isa = PBXGroup;
			children = (
				90D0B22D1E379BBB003186E6 /* circleViewController.swift */,
			);
			name = circle;
			sourceTree = "<group>";
		};
		90D0B2271E379B66003186E6 /* more */ = {
			isa = PBXGroup;
			children = (
				90D0B22F1E379BC6003186E6 /* moreViewController.swift */,
			);
			name = more;
			sourceTree = "<group>";
		};
		90D0B2281E379B75003186E6 /* push */ = {
			isa = PBXGroup;
			children = (
				90D0B2311E379BD0003186E6 /* pushViewController.swift */,
			);
			name = push;
			sourceTree = "<group>";
		};
		90D0B2331E387445003186E6 /* resource */ = {
			isa = PBXGroup;
			children = (
				90E28B551E3CD63000A41D0C /* thirdKit */,
				90E28B381E3A2F3D00A41D0C /* Image */,
				90D0B2341E387475003186E6 /* FZCuJinLJW.TTF */,
			);
			name = resource;
			sourceTree = "<group>";
		};
		90D0B2361E38B290003186E6 /* pushNewBook */ = {
			isa = PBXGroup;
			children = (
				90D0B2371E38B2BF003186E6 /* pushNewBookViewController.swift */,
				90E28B361E39EFAE00A41D0C /* BookTitle.swift */,
				90E28B531E3A36CA00A41D0C /* photoPickerViewController.swift */,
				901C82721E3D608E0089DC9D /* push_TitleController.swift */,
				901C82741E3D60C60089DC9D /* push_TypeViewController.swift */,
				901C82761E3D7D830089DC9D /* push_DescriptionViewController.swift */,
			);
			name = pushNewBook;
			sourceTree = "<group>";
		};
		90D0B2391E38B361003186E6 /* common */ = {
			isa = PBXGroup;
			children = (
				90D0B23A1E38B388003186E6 /* UiUtil.swift */,
				90D2766D1E38F55E005904E9 /* Extensions.swift */,
			);
			name = common;
			sourceTree = "<group>";
		};
		90E28B381E3A2F3D00A41D0C /* Image */ = {
			isa = PBXGroup;
			children = (
				90E28B391E3A2F3D00A41D0C /* Avatar.png */,
				90E28B3A1E3A2F3D00A41D0C /* blank.png */,
				90E28B3B1E3A2F3D00A41D0C /* Blank2.png */,
				90E28B3C1E3A2F3D00A41D0C /* Cover.png */,
				90E28B3D1E3A2F3D00A41D0C /* ear1.png */,
				90E28B3E1E3A2F3D00A41D0C /* ear2.png */,
				90E28B3F1E3A2F3D00A41D0C /* Icon2.png */,
				90E28B401E3A2F3D00A41D0C /* logn.png */,
				90E28B411E3A2F3D00A41D0C /* page1.png */,
				90E28B421E3A2F3D00A41D0C /* page2.png */,
				90E28B431E3A2F3D00A41D0C /* page3.png */,
				90E28B441E3A2F3D00A41D0C /* page4.png */,
				90E28B451E3A2F3D00A41D0C /* red_point.png */,
			);
			path = Image;
			sourceTree = "<group>";
		};
		90E28B551E3CD63000A41D0C /* thirdKit */ = {
			isa = PBXGroup;
			children = (
				901C82A51E3EE6CD0089DC9D /* IGLDropDownMenu */,
				901C82801E3E2C4A0089DC9D /* AKSegmentedControl */,
				901C82781E3DC36B0089DC9D /* LDXScore */,
				90E28B561E3CD6F800A41D0C /* VPImageCropperViewController */,
			);
			name = thirdKit;
			sourceTree = "<group>";
		};
		90E28B561E3CD6F800A41D0C /* VPImageCropperViewController */ = {
			isa = PBXGroup;
			children = (
				90E28B571E3CD6F800A41D0C /* VPImageCropperViewController.h */,
				90E28B581E3CD6F800A41D0C /* VPImageCropperViewController.m */,
			);
			path = VPImageCropperViewController;
			sourceTree = "<group>";
		};
		9444A4491AA9AC7E95DF977A /* Frameworks */ = {
			isa = PBXGroup;
			children = (
				7B414C350CF580097DAEC306 /* Pods_GoodBooks.framework */,
			);
			name = Frameworks;
			sourceTree = "<group>";
		};
/* End PBXGroup section */

/* Begin PBXNativeTarget section */
		90D07A711E37710000024CB4 /* GoodBooks */ = {
			isa = PBXNativeTarget;
			buildConfigurationList = 90D07A921E37710000024CB4 /* Build configuration list for PBXNativeTarget "GoodBooks" */;
			buildPhases = (
				A7C033C080D56F11BE306858 /* [CP] Check Pods Manifest.lock */,
				90D07A6E1E37710000024CB4 /* Sources */,
				90D07A6F1E37710000024CB4 /* Frameworks */,
				90D07A701E37710000024CB4 /* Resources */,
				C1BB0CF1AC0FC69E39A6040C /* [CP] Embed Pods Frameworks */,
				8EE070FE5A4FF7331C575EC7 /* [CP] Copy Pods Resources */,
			);
			buildRules = (
			);
			dependencies = (
			);
			name = GoodBooks;
			productName = GoodBooks;
			productReference = 90D07A721E37710000024CB4 /* GoodBooks.app */;
			productType = "com.apple.product-type.application";
		};
		90D07A881E37710000024CB4 /* GoodBooksTests */ = {
			isa = PBXNativeTarget;
			buildConfigurationList = 90D07A951E37710000024CB4 /* Build configuration list for PBXNativeTarget "GoodBooksTests" */;
			buildPhases = (
				90D07A851E37710000024CB4 /* Sources */,
				90D07A861E37710000024CB4 /* Frameworks */,
				90D07A871E37710000024CB4 /* Resources */,
			);
			buildRules = (
			);
			dependencies = (
				90D07A8B1E37710000024CB4 /* PBXTargetDependency */,
			);
			name = GoodBooksTests;
			productName = GoodBooksTests;
			productReference = 90D07A891E37710000024CB4 /* GoodBooksTests.xctest */;
			productType = "com.apple.product-type.bundle.unit-test";
		};
/* End PBXNativeTarget section */

/* Begin PBXProject section */
		90D07A6A1E37710000024CB4 /* Project object */ = {
			isa = PBXProject;
			attributes = {
				LastSwiftUpdateCheck = 0820;
				LastUpgradeCheck = 0820;
				ORGANIZATIONNAME = J1aDong;
				TargetAttributes = {
					90D07A711E37710000024CB4 = {
						CreatedOnToolsVersion = 8.2.1;
						DevelopmentTeam = PH2TMWBZ42;
						ProvisioningStyle = Automatic;
					};
					90D07A881E37710000024CB4 = {
						CreatedOnToolsVersion = 8.2.1;
						DevelopmentTeam = PH2TMWBZ42;
						ProvisioningStyle = Automatic;
						TestTargetID = 90D07A711E37710000024CB4;
					};
				};
			};
			buildConfigurationList = 90D07A6D1E37710000024CB4 /* Build configuration list for PBXProject "GoodBooks" */;
			compatibilityVersion = "Xcode 3.2";
			developmentRegion = English;
			hasScannedForEncodings = 0;
			knownRegions = (
				en,
				Base,
			);
			mainGroup = 90D07A691E37710000024CB4;
			productRefGroup = 90D07A731E37710000024CB4 /* Products */;
			projectDirPath = "";
			projectRoot = "";
			targets = (
				90D07A711E37710000024CB4 /* GoodBooks */,
				90D07A881E37710000024CB4 /* GoodBooksTests */,
			);
		};
/* End PBXProject section */

/* Begin PBXResourcesBuildPhase section */
		90D07A701E37710000024CB4 /* Resources */ = {
			isa = PBXResourcesBuildPhase;
			buildActionMask = 2147483647;
			files = (
				901C82A21E3E2C4B0089DC9D /* social-icon@2x.png in Resources */,
				90E28B461E3A2F3D00A41D0C /* Avatar.png in Resources */,
				90E28B4F1E3A2F3D00A41D0C /* page2.png in Resources */,
				90E28B491E3A2F3D00A41D0C /* Cover.png in Resources */,
				901C82A31E3E2C4B0089DC9D /* star-icon.png in Resources */,
				90E28B4E1E3A2F3D00A41D0C /* page1.png in Resources */,
				90E28B521E3A2F3D00A41D0C /* red_point.png in Resources */,
				90E28B4B1E3A2F3D00A41D0C /* ear2.png in Resources */,
				901C829C1E3E2C4B0089DC9D /* segmented-bg@2x.png in Resources */,
				901C829B1E3E2C4B0089DC9D /* segmented-bg.png in Resources */,
				90E28B511E3A2F3D00A41D0C /* page4.png in Resources */,
				901C827D1E3DC36B0089DC9D /* btn_star_evaluation_normal.png in Resources */,
				901C827E1E3DC36B0089DC9D /* btn_star_evaluation_press.png in Resources */,
				901C82991E3E2C4B0089DC9D /* segmented-bg-pressed-right.png in Resources */,
				901C829A1E3E2C4B0089DC9D /* segmented-bg-pressed-right@2x.png in Resources */,
				901C82971E3E2C4B0089DC9D /* segmented-bg-pressed-left.png in Resources */,
				901C82A11E3E2C4B0089DC9D /* social-icon.png in Resources */,
				901C82A41E3E2C4B0089DC9D /* star-icon@2x.png in Resources */,
				90E28B4C1E3A2F3D00A41D0C /* Icon2.png in Resources */,
				90E28B501E3A2F3D00A41D0C /* page3.png in Resources */,
				901C82981E3E2C4B0089DC9D /* segmented-bg-pressed-left@2x.png in Resources */,
				901C829E1E3E2C4B0089DC9D /* segmented-separator@2x.png in Resources */,
				901C82951E3E2C4B0089DC9D /* segmented-bg-pressed-center.png in Resources */,
				901C829F1E3E2C4B0089DC9D /* settings-icon.png in Resources */,
				901C82A01E3E2C4B0089DC9D /* settings-icon@2x.png in Resources */,
				90D0B2351E388B98003186E6 /* FZCuJinLJW.TTF in Resources */,
				90D07A831E37710000024CB4 /* LaunchScreen.storyboard in Resources */,
				90E28B4D1E3A2F3D00A41D0C /* logn.png in Resources */,
				90E28B4A1E3A2F3D00A41D0C /* ear1.png in Resources */,
				90D07A801E37710000024CB4 /* Assets.xcassets in Resources */,
				901C829D1E3E2C4B0089DC9D /* segmented-separator.png in Resources */,
				90E28B471E3A2F3D00A41D0C /* blank.png in Resources */,
				901C82961E3E2C4B0089DC9D /* segmented-bg-pressed-center@2x.png in Resources */,
				90E28B481E3A2F3D00A41D0C /* Blank2.png in Resources */,
			);
			runOnlyForDeploymentPostprocessing = 0;
		};
		90D07A871E37710000024CB4 /* Resources */ = {
			isa = PBXResourcesBuildPhase;
			buildActionMask = 2147483647;
			files = (
			);
			runOnlyForDeploymentPostprocessing = 0;
		};
/* End PBXResourcesBuildPhase section */

/* Begin PBXShellScriptBuildPhase section */
		8EE070FE5A4FF7331C575EC7 /* [CP] Copy Pods Resources */ = {
			isa = PBXShellScriptBuildPhase;
			buildActionMask = 2147483647;
			files = (
			);
			inputPaths = (
			);
			name = "[CP] Copy Pods Resources";
			outputPaths = (
			);
			runOnlyForDeploymentPostprocessing = 0;
			shellPath = /bin/sh;
			shellScript = "\"${SRCROOT}/Pods/Target Support Files/Pods-GoodBooks/Pods-GoodBooks-resources.sh\"\n";
			showEnvVarsInLog = 0;
		};
		A7C033C080D56F11BE306858 /* [CP] Check Pods Manifest.lock */ = {
			isa = PBXShellScriptBuildPhase;
			buildActionMask = 2147483647;
			files = (
			);
			inputPaths = (
			);
			name = "[CP] Check Pods Manifest.lock";
			outputPaths = (
			);
			runOnlyForDeploymentPostprocessing = 0;
			shellPath = /bin/sh;
			shellScript = "diff \"${PODS_ROOT}/../Podfile.lock\" \"${PODS_ROOT}/Manifest.lock\" > /dev/null\nif [ $? != 0 ] ; then\n    # print error to STDERR\n    echo \"error: The sandbox is not in sync with the Podfile.lock. Run 'pod install' or update your CocoaPods installation.\" >&2\n    exit 1\nfi\n";
			showEnvVarsInLog = 0;
		};
		C1BB0CF1AC0FC69E39A6040C /* [CP] Embed Pods Frameworks */ = {
			isa = PBXShellScriptBuildPhase;
			buildActionMask = 2147483647;
			files = (
			);
			inputPaths = (
			);
			name = "[CP] Embed Pods Frameworks";
			outputPaths = (
			);
			runOnlyForDeploymentPostprocessing = 0;
			shellPath = /bin/sh;
			shellScript = "\"${SRCROOT}/Pods/Target Support Files/Pods-GoodBooks/Pods-GoodBooks-frameworks.sh\"\n";
			showEnvVarsInLog = 0;
		};
/* End PBXShellScriptBuildPhase section */

/* Begin PBXSourcesBuildPhase section */
		90D07A6E1E37710000024CB4 /* Sources */ = {
			isa = PBXSourcesBuildPhase;
			buildActionMask = 2147483647;
			files = (
				90D07A7E1E37710000024CB4 /* GoodBooks.xcdatamodeld in Sources */,
				90D0B23B1E38B388003186E6 /* UiUtil.swift in Sources */,
				90D0B22C1E379BAE003186E6 /* searchViewController.swift in Sources */,
				901C82751E3D60C60089DC9D /* push_TypeViewController.swift in Sources */,
				90E28B371E39EFAE00A41D0C /* BookTitle.swift in Sources */,
				90E28B541E3A36CA00A41D0C /* photoPickerViewController.swift in Sources */,
				90D0B2321E379BD0003186E6 /* pushViewController.swift in Sources */,
				901C82941E3E2C4B0089DC9D /* AKSegmentedControl.m in Sources */,
				90D0B2301E379BC6003186E6 /* moreViewController.swift in Sources */,
				90D0B2231E378C76003186E6 /* config.swift in Sources */,
				90D0B22A1E379B9E003186E6 /* rankViewController.swift in Sources */,
				90D0B22E1E379BBB003186E6 /* circleViewController.swift in Sources */,
				901C82AB1E3EE6CD0089DC9D /* IGLDropDownMenu.m in Sources */,
				901C827F1E3DC36B0089DC9D /* LDXScore.m in Sources */,
				901C82771E3D7D830089DC9D /* push_DescriptionViewController.swift in Sources */,
				90E28B591E3CD6F800A41D0C /* VPImageCropperViewController.m in Sources */,
				90D07A761E37710000024CB4 /* AppDelegate.swift in Sources */,
				901C82AA1E3EE6CD0089DC9D /* IGLDropDownItem.m in Sources */,
				90D2766E1E38F55E005904E9 /* Extensions.swift in Sources */,
				90D0B2381E38B2BF003186E6 /* pushNewBookViewController.swift in Sources */,
				901C82731E3D608E0089DC9D /* push_TitleController.swift in Sources */,
			);
			runOnlyForDeploymentPostprocessing = 0;
		};
		90D07A851E37710000024CB4 /* Sources */ = {
			isa = PBXSourcesBuildPhase;
			buildActionMask = 2147483647;
			files = (
				90D07A8E1E37710000024CB4 /* GoodBooksTests.swift in Sources */,
			);
			runOnlyForDeploymentPostprocessing = 0;
		};
/* End PBXSourcesBuildPhase section */

/* Begin PBXTargetDependency section */
		90D07A8B1E37710000024CB4 /* PBXTargetDependency */ = {
			isa = PBXTargetDependency;
			target = 90D07A711E37710000024CB4 /* GoodBooks */;
			targetProxy = 90D07A8A1E37710000024CB4 /* PBXContainerItemProxy */;
		};
/* End PBXTargetDependency section */

/* Begin PBXVariantGroup section */
		90D07A811E37710000024CB4 /* LaunchScreen.storyboard */ = {
			isa = PBXVariantGroup;
			children = (
				90D07A821E37710000024CB4 /* Base */,
			);
			name = LaunchScreen.storyboard;
			sourceTree = "<group>";
		};
/* End PBXVariantGroup section */

/* Begin XCBuildConfiguration section */
		90D07A901E37710000024CB4 /* Debug */ = {
			isa = XCBuildConfiguration;
			buildSettings = {
				ALWAYS_SEARCH_USER_PATHS = NO;
				CLANG_ANALYZER_NONNULL = YES;
				CLANG_CXX_LANGUAGE_STANDARD = "gnu++0x";
				CLANG_CXX_LIBRARY = "libc++";
				CLANG_ENABLE_MODULES = YES;
				CLANG_ENABLE_OBJC_ARC = YES;
				CLANG_WARN_BOOL_CONVERSION = YES;
				CLANG_WARN_CONSTANT_CONVERSION = YES;
				CLANG_WARN_DIRECT_OBJC_ISA_USAGE = YES_ERROR;
				CLANG_WARN_DOCUMENTATION_COMMENTS = YES;
				CLANG_WARN_EMPTY_BODY = YES;
				CLANG_WARN_ENUM_CONVERSION = YES;
				CLANG_WARN_INFINITE_RECURSION = YES;
				CLANG_WARN_INT_CONVERSION = YES;
				CLANG_WARN_OBJC_ROOT_CLASS = YES_ERROR;
				CLANG_WARN_SUSPICIOUS_MOVE = YES;
				CLANG_WARN_UNREACHABLE_CODE = YES;
				CLANG_WARN__DUPLICATE_METHOD_MATCH = YES;
				"CODE_SIGN_IDENTITY[sdk=iphoneos*]" = "iPhone Developer";
				COPY_PHASE_STRIP = NO;
				DEBUG_INFORMATION_FORMAT = dwarf;
				ENABLE_STRICT_OBJC_MSGSEND = YES;
				ENABLE_TESTABILITY = YES;
				GCC_C_LANGUAGE_STANDARD = gnu99;
				GCC_DYNAMIC_NO_PIC = NO;
				GCC_NO_COMMON_BLOCKS = YES;
				GCC_OPTIMIZATION_LEVEL = 0;
				GCC_PREPROCESSOR_DEFINITIONS = (
					"DEBUG=1",
					"$(inherited)",
				);
				GCC_WARN_64_TO_32_BIT_CONVERSION = YES;
				GCC_WARN_ABOUT_RETURN_TYPE = YES_ERROR;
				GCC_WARN_UNDECLARED_SELECTOR = YES;
				GCC_WARN_UNINITIALIZED_AUTOS = YES_AGGRESSIVE;
				GCC_WARN_UNUSED_FUNCTION = YES;
				GCC_WARN_UNUSED_VARIABLE = YES;
				IPHONEOS_DEPLOYMENT_TARGET = 10.2;
				MTL_ENABLE_DEBUG_INFO = YES;
				ONLY_ACTIVE_ARCH = YES;
				SDKROOT = iphoneos;
				SWIFT_ACTIVE_COMPILATION_CONDITIONS = DEBUG;
				SWIFT_OPTIMIZATION_LEVEL = "-Onone";
				TARGETED_DEVICE_FAMILY = "1,2";
			};
			name = Debug;
		};
		90D07A911E37710000024CB4 /* Release */ = {
			isa = XCBuildConfiguration;
			buildSettings = {
				ALWAYS_SEARCH_USER_PATHS = NO;
				CLANG_ANALYZER_NONNULL = YES;
				CLANG_CXX_LANGUAGE_STANDARD = "gnu++0x";
				CLANG_CXX_LIBRARY = "libc++";
				CLANG_ENABLE_MODULES = YES;
				CLANG_ENABLE_OBJC_ARC = YES;
				CLANG_WARN_BOOL_CONVERSION = YES;
				CLANG_WARN_CONSTANT_CONVERSION = YES;
				CLANG_WARN_DIRECT_OBJC_ISA_USAGE = YES_ERROR;
				CLANG_WARN_DOCUMENTATION_COMMENTS = YES;
				CLANG_WARN_EMPTY_BODY = YES;
				CLANG_WARN_ENUM_CONVERSION = YES;
				CLANG_WARN_INFINITE_RECURSION = YES;
				CLANG_WARN_INT_CONVERSION = YES;
				CLANG_WARN_OBJC_ROOT_CLASS = YES_ERROR;
				CLANG_WARN_SUSPICIOUS_MOVE = YES;
				CLANG_WARN_UNREACHABLE_CODE = YES;
				CLANG_WARN__DUPLICATE_METHOD_MATCH = YES;
				"CODE_SIGN_IDENTITY[sdk=iphoneos*]" = "iPhone Developer";
				COPY_PHASE_STRIP = NO;
				DEBUG_INFORMATION_FORMAT = "dwarf-with-dsym";
				ENABLE_NS_ASSERTIONS = NO;
				ENABLE_STRICT_OBJC_MSGSEND = YES;
				GCC_C_LANGUAGE_STANDARD = gnu99;
				GCC_NO_COMMON_BLOCKS = YES;
				GCC_WARN_64_TO_32_BIT_CONVERSION = YES;
				GCC_WARN_ABOUT_RETURN_TYPE = YES_ERROR;
				GCC_WARN_UNDECLARED_SELECTOR = YES;
				GCC_WARN_UNINITIALIZED_AUTOS = YES_AGGRESSIVE;
				GCC_WARN_UNUSED_FUNCTION = YES;
				GCC_WARN_UNUSED_VARIABLE = YES;
				IPHONEOS_DEPLOYMENT_TARGET = 10.2;
				MTL_ENABLE_DEBUG_INFO = NO;
				SDKROOT = iphoneos;
				SWIFT_OPTIMIZATION_LEVEL = "-Owholemodule";
				TARGETED_DEVICE_FAMILY = "1,2";
				VALIDATE_PRODUCT = YES;
			};
			name = Release;
		};
		90D07A931E37710000024CB4 /* Debug */ = {
			isa = XCBuildConfiguration;
			baseConfigurationReference = C4BE98F45DDFC75F2B79CB44 /* Pods-GoodBooks.debug.xcconfig */;
			buildSettings = {
				ALWAYS_EMBED_SWIFT_STANDARD_LIBRARIES = YES;
				ASSETCATALOG_COMPILER_APPICON_NAME = AppIcon;
				"CODE_SIGN_IDENTITY[sdk=iphoneos*]" = "iPhone Developer";
				DEVELOPMENT_TEAM = PH2TMWBZ42;
				INFOPLIST_FILE = GoodBooks/Info.plist;
				LD_RUNPATH_SEARCH_PATHS = "$(inherited) @executable_path/Frameworks";
				PRODUCT_BUNDLE_IDENTIFIER = com.j1adong.GoodBooks;
				PRODUCT_NAME = "$(TARGET_NAME)";
				SWIFT_OBJC_BRIDGING_HEADER = /Volumes/HDD/work/MyProjects/GoodBooks/GoodBooks/headBriage.h;
				SWIFT_VERSION = 3.0;
			};
			name = Debug;
		};
		90D07A941E37710000024CB4 /* Release */ = {
			isa = XCBuildConfiguration;
			baseConfigurationReference = 3AA54378E2CEAADECF719E1C /* Pods-GoodBooks.release.xcconfig */;
			buildSettings = {
				ALWAYS_EMBED_SWIFT_STANDARD_LIBRARIES = YES;
				ASSETCATALOG_COMPILER_APPICON_NAME = AppIcon;
				"CODE_SIGN_IDENTITY[sdk=iphoneos*]" = "iPhone Developer";
				DEVELOPMENT_TEAM = PH2TMWBZ42;
				INFOPLIST_FILE = GoodBooks/Info.plist;
				LD_RUNPATH_SEARCH_PATHS = "$(inherited) @executable_path/Frameworks";
				PRODUCT_BUNDLE_IDENTIFIER = com.j1adong.GoodBooks;
				PRODUCT_NAME = "$(TARGET_NAME)";
				SWIFT_OBJC_BRIDGING_HEADER = /Volumes/HDD/work/MyProjects/GoodBooks/GoodBooks/headBriage.h;
				SWIFT_VERSION = 3.0;
			};
			name = Release;
		};
		90D07A961E37710000024CB4 /* Debug */ = {
			isa = XCBuildConfiguration;
			buildSettings = {
				ALWAYS_EMBED_SWIFT_STANDARD_LIBRARIES = YES;
				BUNDLE_LOADER = "$(TEST_HOST)";
				DEVELOPMENT_TEAM = PH2TMWBZ42;
				INFOPLIST_FILE = GoodBooksTests/Info.plist;
				LD_RUNPATH_SEARCH_PATHS = "$(inherited) @executable_path/Frameworks @loader_path/Frameworks";
				PRODUCT_BUNDLE_IDENTIFIER = com.j1adong.GoodBooksTests;
				PRODUCT_NAME = "$(TARGET_NAME)";
				SWIFT_VERSION = 3.0;
				TEST_HOST = "$(BUILT_PRODUCTS_DIR)/GoodBooks.app/GoodBooks";
			};
			name = Debug;
		};
		90D07A971E37710000024CB4 /* Release */ = {
			isa = XCBuildConfiguration;
			buildSettings = {
				ALWAYS_EMBED_SWIFT_STANDARD_LIBRARIES = YES;
				BUNDLE_LOADER = "$(TEST_HOST)";
				DEVELOPMENT_TEAM = PH2TMWBZ42;
				INFOPLIST_FILE = GoodBooksTests/Info.plist;
				LD_RUNPATH_SEARCH_PATHS = "$(inherited) @executable_path/Frameworks @loader_path/Frameworks";
				PRODUCT_BUNDLE_IDENTIFIER = com.j1adong.GoodBooksTests;
				PRODUCT_NAME = "$(TARGET_NAME)";
				SWIFT_VERSION = 3.0;
				TEST_HOST = "$(BUILT_PRODUCTS_DIR)/GoodBooks.app/GoodBooks";
			};
			name = Release;
		};
/* End XCBuildConfiguration section */

/* Begin XCConfigurationList section */
		90D07A6D1E37710000024CB4 /* Build configuration list for PBXProject "GoodBooks" */ = {
			isa = XCConfigurationList;
			buildConfigurations = (
				90D07A901E37710000024CB4 /* Debug */,
				90D07A911E37710000024CB4 /* Release */,
			);
			defaultConfigurationIsVisible = 0;
			defaultConfigurationName = Release;
		};
		90D07A921E37710000024CB4 /* Build configuration list for PBXNativeTarget "GoodBooks" */ = {
			isa = XCConfigurationList;
			buildConfigurations = (
				90D07A931E37710000024CB4 /* Debug */,
				90D07A941E37710000024CB4 /* Release */,
			);
			defaultConfigurationIsVisible = 0;
			defaultConfigurationName = Release;
		};
		90D07A951E37710000024CB4 /* Build configuration list for PBXNativeTarget "GoodBooksTests" */ = {
			isa = XCConfigurationList;
			buildConfigurations = (
				90D07A961E37710000024CB4 /* Debug */,
				90D07A971E37710000024CB4 /* Release */,
			);
			defaultConfigurationIsVisible = 0;
			defaultConfigurationName = Release;
		};
/* End XCConfigurationList section */

/* Begin XCVersionGroup section */
		90D07A7C1E37710000024CB4 /* GoodBooks.xcdatamodeld */ = {
			isa = XCVersionGroup;
			children = (
				90D07A7D1E37710000024CB4 /* GoodBooks.xcdatamodel */,
			);
			currentVersion = 90D07A7D1E37710000024CB4 /* GoodBooks.xcdatamodel */;
			path = GoodBooks.xcdatamodeld;
			sourceTree = "<group>";
			versionGroupType = wrapper.xcdatamodel;
		};
/* End XCVersionGroup section */
	};
	rootObject = 90D07A6A1E37710000024CB4 /* Project object */;
}
