PODS:
  - AVOSCloud (3.10.0)
  - AVOSCloudCrashReporting (3.10.0):
    - AVOSCloud (= 3.10.0)
    - AVOSCloudCrashReporting/_ARC (= 3.10.0)
    - AVOSCloudCrashReporting/_NOARC (= 3.10.0)
  - AVOSCloudCrashReporting/_ARC (3.10.0):
    - AVOSCloud (= 3.10.0)
    - AVOSCloudCrashReporting/_NOARC (= 3.10.0)
  - AVOSCloudCrashReporting/_NOARC (3.10.0):
    - AVOSCloud (= 3.10.0)
  - AVOSCloudIM (3.10.0):
    - AVOSCloud (= 3.10.0)
    - AVOSCloudIM/_ARC (= 3.10.0)
    - AVOSCloudIM/_NOARC (= 3.10.0)
  - AVOSCloudIM/_ARC (3.10.0):
    - AVOSCloud (= 3.10.0)
    - AVOSCloudIM/_NOARC (= 3.10.0)
  - AVOSCloudIM/_NOARC (3.10.0):
    - AVOSCloud (= 3.10.0)
  - JVFloatLabeledTextField (1.1.1)
  - SDWebImage (4.0.0):
    - SDWebImage/Core (= 4.0.0)
  - SDWebImage/Core (4.0.0)
  - SWTableViewCell (0.3.7)

DEPENDENCIES:
  - AVOSCloud
  - AVOSCloudCrashReporting
  - AVOSCloudIM
  - JVFloatLabeledTextField
  - SDWebImage
  - SWTableViewCell

SPEC CHECKSUMS:
  AVOSCloud: 839b30ac3b382ad56c957ed6dd28a0a537d33d67
  AVOSCloudCrashReporting: 931211f7185b6849d1bf9dfc935202745182cc8d
  AVOSCloudIM: 13c9cf14b42304f4243d01906c17b5ee8f5529db
  JVFloatLabeledTextField: 0e5524b097f102036214dd8279edc8ecf08b5e18
  SDWebImage: 76a6348bdc74eb5a55dd08a091ef298e56b55e41
  SWTableViewCell: 2a94aadc9d47b2b611fa064566bf57948b95b579

PODFILE CHECKSUM: 4704ead5bfe5696bfb71730010bac999ce6bbe8b

COCOAPODS: 1.1.1
